// !$*UTF8*$!
{
	archiveVersion = 1;
	classes = {
	};
	objectVersion = 70;
	objects = {

/* Begin PBXBuildFile section */
		350799882C4715FA003C7A21 /* Alertify.swift in Sources */ = {isa = PBXBuildFile; fileRef = 350799872C4715FA003C7A21 /* Alertify.swift */; };
		350799892C4715FA003C7A21 /* Alertify.swift in Sources */ = {isa = PBXBuildFile; fileRef = 350799872C4715FA003C7A21 /* Alertify.swift */; };
		3542BF452C347013003597DE /* AlertHandler.swift in Sources */ = {isa = PBXBuildFile; fileRef = 3542BF442C347013003597DE /* AlertHandler.swift */; };
		3542BF462C347013003597DE /* AlertHandler.swift in Sources */ = {isa = PBXBuildFile; fileRef = 3542BF442C347013003597DE /* AlertHandler.swift */; };
		354C4B582C349F5100143D90 /* OggDecoder in Frameworks */ = {isa = PBXBuildFile; productRef = 354C4B572C349F5100143D90 /* OggDecoder */; };
		354C4B5B2C34AF4A00143D90 /* OGGToWavConverter.swift in Sources */ = {isa = PBXBuildFile; fileRef = 354C4B5A2C34AF4A00143D90 /* OGGToWavConverter.swift */; };
		354C4B5C2C34AF4A00143D90 /* OGGToWavConverter.swift in Sources */ = {isa = PBXBuildFile; fileRef = 354C4B5A2C34AF4A00143D90 /* OGGToWavConverter.swift */; };
		354C4B5E2C34B0FE00143D90 /* AudioPlayer.swift in Sources */ = {isa = PBXBuildFile; fileRef = 354C4B5D2C34B0FE00143D90 /* AudioPlayer.swift */; };
		354C4B5F2C34B0FE00143D90 /* AudioPlayer.swift in Sources */ = {isa = PBXBuildFile; fileRef = 354C4B5D2C34B0FE00143D90 /* AudioPlayer.swift */; };
		354C4B612C34C1D500143D90 /* CriesSection.swift in Sources */ = {isa = PBXBuildFile; fileRef = 354C4B602C34C1D500143D90 /* CriesSection.swift */; };
		354C4B622C34C1D500143D90 /* CriesSection.swift in Sources */ = {isa = PBXBuildFile; fileRef = 354C4B602C34C1D500143D90 /* CriesSection.swift */; };
		3561A3982C305A3D00441896 /* PokemonDetails.swift in Sources */ = {isa = PBXBuildFile; fileRef = 3561A3972C305A3D00441896 /* PokemonDetails.swift */; };
		3561A3992C305A3D00441896 /* PokemonDetails.swift in Sources */ = {isa = PBXBuildFile; fileRef = 3561A3972C305A3D00441896 /* PokemonDetails.swift */; };
		3561A39B2C305B1D00441896 /* PokemonDetailsVMTests.swift in Sources */ = {isa = PBXBuildFile; fileRef = 3561A39A2C305B1D00441896 /* PokemonDetailsVMTests.swift */; };
		3561A39D2C305E7300441896 /* PokemonDetailsView.swift in Sources */ = {isa = PBXBuildFile; fileRef = 3561A39C2C305E7300441896 /* PokemonDetailsView.swift */; };
		3561A39E2C305E7300441896 /* PokemonDetailsView.swift in Sources */ = {isa = PBXBuildFile; fileRef = 3561A39C2C305E7300441896 /* PokemonDetailsView.swift */; };
		3561A3A02C30610D00441896 /* PokemonDetailsVM.swift in Sources */ = {isa = PBXBuildFile; fileRef = 3561A39F2C30610D00441896 /* PokemonDetailsVM.swift */; };
		3561A3A12C30610D00441896 /* PokemonDetailsVM.swift in Sources */ = {isa = PBXBuildFile; fileRef = 3561A39F2C30610D00441896 /* PokemonDetailsVM.swift */; };
		3561A3A32C3069A100441896 /* BasicSection.swift in Sources */ = {isa = PBXBuildFile; fileRef = 3561A3A22C3069A100441896 /* BasicSection.swift */; };
		3561A3A42C3069A100441896 /* BasicSection.swift in Sources */ = {isa = PBXBuildFile; fileRef = 3561A3A22C3069A100441896 /* BasicSection.swift */; };
		3573195E2C31E71900ED6B25 /* AlertType.swift in Sources */ = {isa = PBXBuildFile; fileRef = 35C0BD052C31A6E9005ED91F /* AlertType.swift */; };
		357319602C31E7E700ED6B25 /* InfoVMTests.swift in Sources */ = {isa = PBXBuildFile; fileRef = 3573195F2C31E7E700ED6B25 /* InfoVMTests.swift */; };
		357319622C31FA1C00ED6B25 /* MockErrorAPIManager.swift in Sources */ = {isa = PBXBuildFile; fileRef = 357319612C31FA1C00ED6B25 /* MockErrorAPIManager.swift */; };
		3594A4142C3379B400FC02F2 /* InfoData.swift in Sources */ = {isa = PBXBuildFile; fileRef = 3594A4132C3379B400FC02F2 /* InfoData.swift */; };
		3594A4152C3379B400FC02F2 /* InfoData.swift in Sources */ = {isa = PBXBuildFile; fileRef = 3594A4132C3379B400FC02F2 /* InfoData.swift */; };
		35C0BD062C31A6E9005ED91F /* AlertType.swift in Sources */ = {isa = PBXBuildFile; fileRef = 35C0BD052C31A6E9005ED91F /* AlertType.swift */; };
		35D295482C2F63C6007301FC /* PokemonApp.swift in Sources */ = {isa = PBXBuildFile; fileRef = 35D295472C2F63C6007301FC /* PokemonApp.swift */; };
		35D2954C2C2F63C9007301FC /* Assets.xcassets in Resources */ = {isa = PBXBuildFile; fileRef = 35D2954B2C2F63C9007301FC /* Assets.xcassets */; };
		35D2954F2C2F63C9007301FC /* Preview Assets.xcassets in Resources */ = {isa = PBXBuildFile; fileRef = 35D2954E2C2F63C9007301FC /* Preview Assets.xcassets */; };
		35D2955C2C2F65A3007301FC /* PokemonTests.swift in Sources */ = {isa = PBXBuildFile; fileRef = 35D2955B2C2F65A3007301FC /* PokemonTests.swift */; };
		35D295652C2F66D1007301FC /* Pokemon.swift in Sources */ = {isa = PBXBuildFile; fileRef = 35D295642C2F66D1007301FC /* Pokemon.swift */; };
		35D295662C2F66D1007301FC /* Pokemon.swift in Sources */ = {isa = PBXBuildFile; fileRef = 35D295642C2F66D1007301FC /* Pokemon.swift */; };
		35D295692C2F6968007301FC /* Pokemons.swift in Sources */ = {isa = PBXBuildFile; fileRef = 35D295682C2F6968007301FC /* Pokemons.swift */; };
		35D2956A2C2F6968007301FC /* Pokemons.swift in Sources */ = {isa = PBXBuildFile; fileRef = 35D295682C2F6968007301FC /* Pokemons.swift */; };
		35D2956C2C2F6BE0007301FC /* PokemonCellView.swift in Sources */ = {isa = PBXBuildFile; fileRef = 35D2956B2C2F6BE0007301FC /* PokemonCellView.swift */; };
		35D295702C2F6CA0007301FC /* NukeUI in Frameworks */ = {isa = PBXBuildFile; productRef = 35D2956F2C2F6CA0007301FC /* NukeUI */; };
		35D295722C2F6F43007301FC /* PokemonListView.swift in Sources */ = {isa = PBXBuildFile; fileRef = 35D295712C2F6F43007301FC /* PokemonListView.swift */; };
		35D295762C2F6FF5007301FC /* PokemonListVM.swift in Sources */ = {isa = PBXBuildFile; fileRef = 35D295752C2F6FF5007301FC /* PokemonListVM.swift */; };
		35D295782C2F7787007301FC /* PokemonListVM.swift in Sources */ = {isa = PBXBuildFile; fileRef = 35D295752C2F6FF5007301FC /* PokemonListVM.swift */; };
		35D295792C2F778D007301FC /* PokemonListView.swift in Sources */ = {isa = PBXBuildFile; fileRef = 35D295712C2F6F43007301FC /* PokemonListView.swift */; };
		35D2957B2C2F77A3007301FC /* PokemonListVMTests.swift in Sources */ = {isa = PBXBuildFile; fileRef = 35D2957A2C2F77A3007301FC /* PokemonListVMTests.swift */; };
		35D2957C2C2F77CB007301FC /* PokemonCellView.swift in Sources */ = {isa = PBXBuildFile; fileRef = 35D2956B2C2F6BE0007301FC /* PokemonCellView.swift */; };
		35D2957E2C2F7841007301FC /* APIManagerProtocol.swift in Sources */ = {isa = PBXBuildFile; fileRef = 35D2957D2C2F7841007301FC /* APIManagerProtocol.swift */; };
		35D295812C2F78EA007301FC /* Alamofire in Frameworks */ = {isa = PBXBuildFile; productRef = 35D295802C2F78EA007301FC /* Alamofire */; };
		35D295852C2F79E4007301FC /* APIManagerProtocol.swift in Sources */ = {isa = PBXBuildFile; fileRef = 35D2957D2C2F7841007301FC /* APIManagerProtocol.swift */; };
		35D295872C2F7CE5007301FC /* APIManager.swift in Sources */ = {isa = PBXBuildFile; fileRef = 35D295862C2F7CE5007301FC /* APIManager.swift */; };
		35D295882C2F7E04007301FC /* APIManager.swift in Sources */ = {isa = PBXBuildFile; fileRef = 35D295862C2F7CE5007301FC /* APIManager.swift */; };
		35FFB06C2C30BF9700449536 /* MoreInfoSection.swift in Sources */ = {isa = PBXBuildFile; fileRef = 35FFB06B2C30BF9700449536 /* MoreInfoSection.swift */; };
		35FFB06E2C30C10D00449536 /* InfoDataView.swift in Sources */ = {isa = PBXBuildFile; fileRef = 35FFB06D2C30C10D00449536 /* InfoDataView.swift */; };
		35FFB0702C30C3FF00449536 /* StatSection.swift in Sources */ = {isa = PBXBuildFile; fileRef = 35FFB06F2C30C3FF00449536 /* StatSection.swift */; };
		35FFB0712C30CEE800449536 /* StatSection.swift in Sources */ = {isa = PBXBuildFile; fileRef = 35FFB06F2C30C3FF00449536 /* StatSection.swift */; };
		35FFB0722C30CEEC00449536 /* MoreInfoSection.swift in Sources */ = {isa = PBXBuildFile; fileRef = 35FFB06B2C30BF9700449536 /* MoreInfoSection.swift */; };
		35FFB0732C30CEF700449536 /* InfoDataView.swift in Sources */ = {isa = PBXBuildFile; fileRef = 35FFB06D2C30C10D00449536 /* InfoDataView.swift */; };
		35FFB0752C30DA1200449536 /* PokemonImage.swift in Sources */ = {isa = PBXBuildFile; fileRef = 35FFB0742C30DA1200449536 /* PokemonImage.swift */; };
		35FFB0762C30DCC500449536 /* PokemonImage.swift in Sources */ = {isa = PBXBuildFile; fileRef = 35FFB0742C30DA1200449536 /* PokemonImage.swift */; };
		35FFB0782C30E15E00449536 /* AppearanceSection.swift in Sources */ = {isa = PBXBuildFile; fileRef = 35FFB0772C30E15E00449536 /* AppearanceSection.swift */; };
		35FFB0792C30E15E00449536 /* AppearanceSection.swift in Sources */ = {isa = PBXBuildFile; fileRef = 35FFB0772C30E15E00449536 /* AppearanceSection.swift */; };
		35FFB07B2C30F90500449536 /* InfoVM.swift in Sources */ = {isa = PBXBuildFile; fileRef = 35FFB07A2C30F90500449536 /* InfoVM.swift */; };
		35FFB07C2C30F90500449536 /* InfoVM.swift in Sources */ = {isa = PBXBuildFile; fileRef = 35FFB07A2C30F90500449536 /* InfoVM.swift */; };
		F37C14542CA1D764007D9CC3 /* PokemonListView.swift in Sources */ = {isa = PBXBuildFile; fileRef = 35D295712C2F6F43007301FC /* PokemonListView.swift */; };
		F37C14552CA1D8CB007D9CC3 /* PokemonCellView.swift in Sources */ = {isa = PBXBuildFile; fileRef = 35D2956B2C2F6BE0007301FC /* PokemonCellView.swift */; };
		F37C14562CA1D8D1007D9CC3 /* PokemonListVM.swift in Sources */ = {isa = PBXBuildFile; fileRef = 35D295752C2F6FF5007301FC /* PokemonListVM.swift */; };
		F37C14572CA1D8DA007D9CC3 /* PokemonDetailsVM.swift in Sources */ = {isa = PBXBuildFile; fileRef = 3561A39F2C30610D00441896 /* PokemonDetailsVM.swift */; };
		F37C14582CA1D8F6007D9CC3 /* Pokemon.swift in Sources */ = {isa = PBXBuildFile; fileRef = 35D295642C2F66D1007301FC /* Pokemon.swift */; };
		F37C14592CA1D901007D9CC3 /* PokemonImage.swift in Sources */ = {isa = PBXBuildFile; fileRef = 35FFB0742C30DA1200449536 /* PokemonImage.swift */; };
		F37C145A2CA1D955007D9CC3 /* APIManagerProtocol.swift in Sources */ = {isa = PBXBuildFile; fileRef = 35D2957D2C2F7841007301FC /* APIManagerProtocol.swift */; };
		F37C145B2CA1D95B007D9CC3 /* APIManager.swift in Sources */ = {isa = PBXBuildFile; fileRef = 35D295862C2F7CE5007301FC /* APIManager.swift */; };
		F37C145C2CA1D961007D9CC3 /* OGGToWavConverter.swift in Sources */ = {isa = PBXBuildFile; fileRef = 354C4B5A2C34AF4A00143D90 /* OGGToWavConverter.swift */; };
		F37C145D2CA1D965007D9CC3 /* AudioPlayer.swift in Sources */ = {isa = PBXBuildFile; fileRef = 354C4B5D2C34B0FE00143D90 /* AudioPlayer.swift */; };
		F37C145E2CA1D96E007D9CC3 /* Alertify.swift in Sources */ = {isa = PBXBuildFile; fileRef = 350799872C4715FA003C7A21 /* Alertify.swift */; };
		F37C145F2CA1D96E007D9CC3 /* AlertType.swift in Sources */ = {isa = PBXBuildFile; fileRef = 35C0BD052C31A6E9005ED91F /* AlertType.swift */; };
		F37C14602CA1D96E007D9CC3 /* AlertHandler.swift in Sources */ = {isa = PBXBuildFile; fileRef = 3542BF442C347013003597DE /* AlertHandler.swift */; };
		F37C14622CA1DA66007D9CC3 /* NukeUI in Frameworks */ = {isa = PBXBuildFile; productRef = F37C14612CA1DA66007D9CC3 /* NukeUI */; };
		F37C14642CA1DA66007D9CC3 /* Alamofire in Frameworks */ = {isa = PBXBuildFile; productRef = F37C14632CA1DA66007D9CC3 /* Alamofire */; };
		F37C14662CA1DA66007D9CC3 /* OggDecoder in Frameworks */ = {isa = PBXBuildFile; productRef = F37C14652CA1DA66007D9CC3 /* OggDecoder */; };
		F37C14672CA1DAD4007D9CC3 /* PokemonDetails.swift in Sources */ = {isa = PBXBuildFile; fileRef = 3561A3972C305A3D00441896 /* PokemonDetails.swift */; };
		F37C14682CA1DAD9007D9CC3 /* Pokemons.swift in Sources */ = {isa = PBXBuildFile; fileRef = 35D295682C2F6968007301FC /* Pokemons.swift */; };
		F37C14692CA1DADE007D9CC3 /* InfoData.swift in Sources */ = {isa = PBXBuildFile; fileRef = 3594A4132C3379B400FC02F2 /* InfoData.swift */; };
		F37C146A2CA1DAF2007D9CC3 /* PokemonDetailsView.swift in Sources */ = {isa = PBXBuildFile; fileRef = 3561A39C2C305E7300441896 /* PokemonDetailsView.swift */; };
		F37C146B2CA1DAF7007D9CC3 /* InfoDataView.swift in Sources */ = {isa = PBXBuildFile; fileRef = 35FFB06D2C30C10D00449536 /* InfoDataView.swift */; };
		F37C146C2CA1DB2F007D9CC3 /* InfoVM.swift in Sources */ = {isa = PBXBuildFile; fileRef = 35FFB07A2C30F90500449536 /* InfoVM.swift */; };
		F37C146D2CA1DB46007D9CC3 /* MoreInfoSection.swift in Sources */ = {isa = PBXBuildFile; fileRef = 35FFB06B2C30BF9700449536 /* MoreInfoSection.swift */; };
		F37C146E2CA1DB46007D9CC3 /* StatSection.swift in Sources */ = {isa = PBXBuildFile; fileRef = 35FFB06F2C30C3FF00449536 /* StatSection.swift */; };
		F37C146F2CA1DB46007D9CC3 /* AppearanceSection.swift in Sources */ = {isa = PBXBuildFile; fileRef = 35FFB0772C30E15E00449536 /* AppearanceSection.swift */; };
		F37C14702CA1DB46007D9CC3 /* CriesSection.swift in Sources */ = {isa = PBXBuildFile; fileRef = 354C4B602C34C1D500143D90 /* CriesSection.swift */; };
		F37C14712CA1DB46007D9CC3 /* BasicSection.swift in Sources */ = {isa = PBXBuildFile; fileRef = 3561A3A22C3069A100441896 /* BasicSection.swift */; };
		F37C14732CA216ED007D9CC3 /* MockAPIManager.swift in Sources */ = {isa = PBXBuildFile; fileRef = F37C14722CA216E3007D9CC3 /* MockAPIManager.swift */; };
		F37C14742CA216ED007D9CC3 /* MockAPIManager.swift in Sources */ = {isa = PBXBuildFile; fileRef = F37C14722CA216E3007D9CC3 /* MockAPIManager.swift */; };
		F37C14752CA216ED007D9CC3 /* MockAPIManager.swift in Sources */ = {isa = PBXBuildFile; fileRef = F37C14722CA216E3007D9CC3 /* MockAPIManager.swift */; };
		F37C14772CA2171B007D9CC3 /* APIManagerFactory.swift in Sources */ = {isa = PBXBuildFile; fileRef = F37C14762CA21716007D9CC3 /* APIManagerFactory.swift */; };
		F37C14782CA2171B007D9CC3 /* APIManagerFactory.swift in Sources */ = {isa = PBXBuildFile; fileRef = F37C14762CA21716007D9CC3 /* APIManagerFactory.swift */; };
		F37C14792CA2171B007D9CC3 /* APIManagerFactory.swift in Sources */ = {isa = PBXBuildFile; fileRef = F37C14762CA21716007D9CC3 /* APIManagerFactory.swift */; };
		F37C147B2CA21780007D9CC3 /* SamplePokemonList.swift in Sources */ = {isa = PBXBuildFile; fileRef = F37C147A2CA21779007D9CC3 /* SamplePokemonList.swift */; };
		F37C147C2CA21780007D9CC3 /* SamplePokemonList.swift in Sources */ = {isa = PBXBuildFile; fileRef = F37C147A2CA21779007D9CC3 /* SamplePokemonList.swift */; };
		F37C147D2CA21780007D9CC3 /* SamplePokemonList.swift in Sources */ = {isa = PBXBuildFile; fileRef = F37C147A2CA21779007D9CC3 /* SamplePokemonList.swift */; };
		F37C147F2CA21D05007D9CC3 /* SampleJSONs.swift in Sources */ = {isa = PBXBuildFile; fileRef = F37C147E2CA21CF8007D9CC3 /* SampleJSONs.swift */; };
		F37C14802CA21D05007D9CC3 /* SampleJSONs.swift in Sources */ = {isa = PBXBuildFile; fileRef = F37C147E2CA21CF8007D9CC3 /* SampleJSONs.swift */; };
		F37C14812CA21D05007D9CC3 /* SampleJSONs.swift in Sources */ = {isa = PBXBuildFile; fileRef = F37C147E2CA21CF8007D9CC3 /* SampleJSONs.swift */; };
		F37C14832CA22A9E007D9CC3 /* AppLaunchMode.swift in Sources */ = {isa = PBXBuildFile; fileRef = F37C14822CA22A80007D9CC3 /* AppLaunchMode.swift */; };
		F37C14842CA22A9E007D9CC3 /* AppLaunchMode.swift in Sources */ = {isa = PBXBuildFile; fileRef = F37C14822CA22A80007D9CC3 /* AppLaunchMode.swift */; };
		F37C14852CA22A9E007D9CC3 /* AppLaunchMode.swift in Sources */ = {isa = PBXBuildFile; fileRef = F37C14822CA22A80007D9CC3 /* AppLaunchMode.swift */; };
		F37C14922CA35A3E007D9CC3 /* PokemonDetailsTests.swift in Sources */ = {isa = PBXBuildFile; fileRef = F37C14912CA35A3E007D9CC3 /* PokemonDetailsTests.swift */; };
/* End PBXBuildFile section */

/* Begin PBXContainerItemProxy section */
		35D2955D2C2F65A3007301FC /* PBXContainerItemProxy */ = {
			isa = PBXContainerItemProxy;
			containerPortal = 35D2953C2C2F63C6007301FC /* Project object */;
			proxyType = 1;
			remoteGlobalIDString = 35D295432C2F63C6007301FC;
			remoteInfo = Pokemon;
		};
		F37C14462CA1B44D007D9CC3 /* PBXContainerItemProxy */ = {
			isa = PBXContainerItemProxy;
			containerPortal = 35D2953C2C2F63C6007301FC /* Project object */;
			proxyType = 1;
			remoteGlobalIDString = 35D295432C2F63C6007301FC;
			remoteInfo = Pokemon;
		};
/* End PBXContainerItemProxy section */

/* Begin PBXFileReference section */
		350799872C4715FA003C7A21 /* Alertify.swift */ = {isa = PBXFileReference; lastKnownFileType = sourcecode.swift; path = Alertify.swift; sourceTree = "<group>"; };
		3542BF442C347013003597DE /* AlertHandler.swift */ = {isa = PBXFileReference; lastKnownFileType = sourcecode.swift; path = AlertHandler.swift; sourceTree = "<group>"; };
		354C4B5A2C34AF4A00143D90 /* OGGToWavConverter.swift */ = {isa = PBXFileReference; lastKnownFileType = sourcecode.swift; path = OGGToWavConverter.swift; sourceTree = "<group>"; };
		354C4B5D2C34B0FE00143D90 /* AudioPlayer.swift */ = {isa = PBXFileReference; lastKnownFileType = sourcecode.swift; path = AudioPlayer.swift; sourceTree = "<group>"; };
		354C4B602C34C1D500143D90 /* CriesSection.swift */ = {isa = PBXFileReference; lastKnownFileType = sourcecode.swift; path = CriesSection.swift; sourceTree = "<group>"; };
		3561A3972C305A3D00441896 /* PokemonDetails.swift */ = {isa = PBXFileReference; lastKnownFileType = sourcecode.swift; path = PokemonDetails.swift; sourceTree = "<group>"; };
		3561A39A2C305B1D00441896 /* PokemonDetailsVMTests.swift */ = {isa = PBXFileReference; lastKnownFileType = sourcecode.swift; path = PokemonDetailsVMTests.swift; sourceTree = "<group>"; };
		3561A39C2C305E7300441896 /* PokemonDetailsView.swift */ = {isa = PBXFileReference; lastKnownFileType = sourcecode.swift; path = PokemonDetailsView.swift; sourceTree = "<group>"; };
		3561A39F2C30610D00441896 /* PokemonDetailsVM.swift */ = {isa = PBXFileReference; lastKnownFileType = sourcecode.swift; path = PokemonDetailsVM.swift; sourceTree = "<group>"; };
		3561A3A22C3069A100441896 /* BasicSection.swift */ = {isa = PBXFileReference; lastKnownFileType = sourcecode.swift; path = BasicSection.swift; sourceTree = "<group>"; };
		3573195F2C31E7E700ED6B25 /* InfoVMTests.swift */ = {isa = PBXFileReference; lastKnownFileType = sourcecode.swift; path = InfoVMTests.swift; sourceTree = "<group>"; };
		357319612C31FA1C00ED6B25 /* MockErrorAPIManager.swift */ = {isa = PBXFileReference; lastKnownFileType = sourcecode.swift; path = MockErrorAPIManager.swift; sourceTree = "<group>"; };
		3594A4132C3379B400FC02F2 /* InfoData.swift */ = {isa = PBXFileReference; lastKnownFileType = sourcecode.swift; path = InfoData.swift; sourceTree = "<group>"; };
		35C0BD052C31A6E9005ED91F /* AlertType.swift */ = {isa = PBXFileReference; lastKnownFileType = sourcecode.swift; path = AlertType.swift; sourceTree = "<group>"; };
		35D295442C2F63C6007301FC /* Pokemon.app */ = {isa = PBXFileReference; explicitFileType = wrapper.application; includeInIndex = 0; path = Pokemon.app; sourceTree = BUILT_PRODUCTS_DIR; };
		35D295472C2F63C6007301FC /* PokemonApp.swift */ = {isa = PBXFileReference; lastKnownFileType = sourcecode.swift; path = PokemonApp.swift; sourceTree = "<group>"; };
		35D2954B2C2F63C9007301FC /* Assets.xcassets */ = {isa = PBXFileReference; lastKnownFileType = folder.assetcatalog; path = Assets.xcassets; sourceTree = "<group>"; };
		35D2954E2C2F63C9007301FC /* Preview Assets.xcassets */ = {isa = PBXFileReference; lastKnownFileType = folder.assetcatalog; path = "Preview Assets.xcassets"; sourceTree = "<group>"; };
		35D295592C2F65A3007301FC /* PokemonTests.xctest */ = {isa = PBXFileReference; explicitFileType = wrapper.cfbundle; includeInIndex = 0; path = PokemonTests.xctest; sourceTree = BUILT_PRODUCTS_DIR; };
		35D2955B2C2F65A3007301FC /* PokemonTests.swift */ = {isa = PBXFileReference; lastKnownFileType = sourcecode.swift; path = PokemonTests.swift; sourceTree = "<group>"; };
		35D295642C2F66D1007301FC /* Pokemon.swift */ = {isa = PBXFileReference; lastKnownFileType = sourcecode.swift; path = Pokemon.swift; sourceTree = "<group>"; };
		35D295682C2F6968007301FC /* Pokemons.swift */ = {isa = PBXFileReference; lastKnownFileType = sourcecode.swift; path = Pokemons.swift; sourceTree = "<group>"; };
		35D2956B2C2F6BE0007301FC /* PokemonCellView.swift */ = {isa = PBXFileReference; lastKnownFileType = sourcecode.swift; path = PokemonCellView.swift; sourceTree = "<group>"; };
		35D295712C2F6F43007301FC /* PokemonListView.swift */ = {isa = PBXFileReference; lastKnownFileType = sourcecode.swift; path = PokemonListView.swift; sourceTree = "<group>"; };
		35D295752C2F6FF5007301FC /* PokemonListVM.swift */ = {isa = PBXFileReference; lastKnownFileType = sourcecode.swift; path = PokemonListVM.swift; sourceTree = "<group>"; };
		35D2957A2C2F77A3007301FC /* PokemonListVMTests.swift */ = {isa = PBXFileReference; lastKnownFileType = sourcecode.swift; path = PokemonListVMTests.swift; sourceTree = "<group>"; };
		35D2957D2C2F7841007301FC /* APIManagerProtocol.swift */ = {isa = PBXFileReference; lastKnownFileType = sourcecode.swift; path = APIManagerProtocol.swift; sourceTree = "<group>"; };
		35D295862C2F7CE5007301FC /* APIManager.swift */ = {isa = PBXFileReference; lastKnownFileType = sourcecode.swift; path = APIManager.swift; sourceTree = "<group>"; };
		35FFB06B2C30BF9700449536 /* MoreInfoSection.swift */ = {isa = PBXFileReference; lastKnownFileType = sourcecode.swift; path = MoreInfoSection.swift; sourceTree = "<group>"; };
		35FFB06D2C30C10D00449536 /* InfoDataView.swift */ = {isa = PBXFileReference; lastKnownFileType = sourcecode.swift; path = InfoDataView.swift; sourceTree = "<group>"; };
		35FFB06F2C30C3FF00449536 /* StatSection.swift */ = {isa = PBXFileReference; lastKnownFileType = sourcecode.swift; path = StatSection.swift; sourceTree = "<group>"; };
		35FFB0742C30DA1200449536 /* PokemonImage.swift */ = {isa = PBXFileReference; lastKnownFileType = sourcecode.swift; path = PokemonImage.swift; sourceTree = "<group>"; };
		35FFB0772C30E15E00449536 /* AppearanceSection.swift */ = {isa = PBXFileReference; lastKnownFileType = sourcecode.swift; path = AppearanceSection.swift; sourceTree = "<group>"; };
		35FFB07A2C30F90500449536 /* InfoVM.swift */ = {isa = PBXFileReference; lastKnownFileType = sourcecode.swift; path = InfoVM.swift; sourceTree = "<group>"; };
		F37C14402CA1B44D007D9CC3 /* PokemonUITests.xctest */ = {isa = PBXFileReference; explicitFileType = wrapper.cfbundle; includeInIndex = 0; path = PokemonUITests.xctest; sourceTree = BUILT_PRODUCTS_DIR; };
		F37C14722CA216E3007D9CC3 /* MockAPIManager.swift */ = {isa = PBXFileReference; lastKnownFileType = sourcecode.swift; path = MockAPIManager.swift; sourceTree = "<group>"; };
		F37C14762CA21716007D9CC3 /* APIManagerFactory.swift */ = {isa = PBXFileReference; lastKnownFileType = sourcecode.swift; path = APIManagerFactory.swift; sourceTree = "<group>"; };
		F37C147A2CA21779007D9CC3 /* SamplePokemonList.swift */ = {isa = PBXFileReference; lastKnownFileType = sourcecode.swift; path = SamplePokemonList.swift; sourceTree = "<group>"; };
		F37C147E2CA21CF8007D9CC3 /* SampleJSONs.swift */ = {isa = PBXFileReference; lastKnownFileType = sourcecode.swift; path = SampleJSONs.swift; sourceTree = "<group>"; };
		F37C14822CA22A80007D9CC3 /* AppLaunchMode.swift */ = {isa = PBXFileReference; lastKnownFileType = sourcecode.swift; path = AppLaunchMode.swift; sourceTree = "<group>"; };
		F37C14912CA35A3E007D9CC3 /* PokemonDetailsTests.swift */ = {isa = PBXFileReference; lastKnownFileType = sourcecode.swift; path = PokemonDetailsTests.swift; sourceTree = "<group>"; };
/* End PBXFileReference section */

/* Begin PBXFileSystemSynchronizedRootGroup section */
		F37C14412CA1B44D007D9CC3 /* PokemonUITests */ = {isa = PBXFileSystemSynchronizedRootGroup; explicitFileTypes = {}; explicitFolders = (); path = PokemonUITests; sourceTree = "<group>"; };
/* End PBXFileSystemSynchronizedRootGroup section */

/* Begin PBXFrameworksBuildPhase section */
		35D295412C2F63C6007301FC /* Frameworks */ = {
			isa = PBXFrameworksBuildPhase;
			buildActionMask = 2147483647;
			files = (
				35D295702C2F6CA0007301FC /* NukeUI in Frameworks */,
				35D295812C2F78EA007301FC /* Alamofire in Frameworks */,
				354C4B582C349F5100143D90 /* OggDecoder in Frameworks */,
			);
			runOnlyForDeploymentPostprocessing = 0;
		};
		35D295562C2F65A3007301FC /* Frameworks */ = {
			isa = PBXFrameworksBuildPhase;
			buildActionMask = 2147483647;
			files = (
			);
			runOnlyForDeploymentPostprocessing = 0;
		};
		F37C143D2CA1B44D007D9CC3 /* Frameworks */ = {
			isa = PBXFrameworksBuildPhase;
			buildActionMask = 2147483647;
			files = (
				F37C14622CA1DA66007D9CC3 /* NukeUI in Frameworks */,
				F37C14642CA1DA66007D9CC3 /* Alamofire in Frameworks */,
				F37C14662CA1DA66007D9CC3 /* OggDecoder in Frameworks */,
			);
			runOnlyForDeploymentPostprocessing = 0;
		};
/* End PBXFrameworksBuildPhase section */

/* Begin PBXGroup section */
		3542BF432C346FF8003597DE /* Alert */ = {
			isa = PBXGroup;
			children = (
				35C0BD052C31A6E9005ED91F /* AlertType.swift */,
				3542BF442C347013003597DE /* AlertHandler.swift */,
				350799872C4715FA003C7A21 /* Alertify.swift */,
			);
			path = Alert;
			sourceTree = "<group>";
		};
		354C4B592C34AE1500143D90 /* Service */ = {
			isa = PBXGroup;
			children = (
				35D295822C2F7981007301FC /* Network */,
				3542BF432C346FF8003597DE /* Alert */,
				F37C14822CA22A80007D9CC3 /* AppLaunchMode.swift */,
				354C4B5A2C34AF4A00143D90 /* OGGToWavConverter.swift */,
				354C4B5D2C34B0FE00143D90 /* AudioPlayer.swift */,
			);
			path = Service;
			sourceTree = "<group>";
		};
		357319632C31FA2600ED6B25 /* Mock */ = {
			isa = PBXGroup;
			children = (
				357319612C31FA1C00ED6B25 /* MockErrorAPIManager.swift */,
			);
			path = Mock;
			sourceTree = "<group>";
		};
		35D2953B2C2F63C6007301FC = {
			isa = PBXGroup;
			children = (
				35D295462C2F63C6007301FC /* Pokemon */,
				35D2955A2C2F65A3007301FC /* PokemonTests */,
				F37C14412CA1B44D007D9CC3 /* PokemonUITests */,
				35D295452C2F63C6007301FC /* Products */,
				35D2956E2C2F6CA0007301FC /* Frameworks */,
			);
			sourceTree = "<group>";
		};
		35D295452C2F63C6007301FC /* Products */ = {
			isa = PBXGroup;
			children = (
				35D295442C2F63C6007301FC /* Pokemon.app */,
				35D295592C2F65A3007301FC /* PokemonTests.xctest */,
				F37C14402CA1B44D007D9CC3 /* PokemonUITests.xctest */,
			);
			name = Products;
			sourceTree = "<group>";
		};
		35D295462C2F63C6007301FC /* Pokemon */ = {
			isa = PBXGroup;
			children = (
				35D295472C2F63C6007301FC /* PokemonApp.swift */,
				F37C14872CA2C867007D9CC3 /* Features */,
				354C4B592C34AE1500143D90 /* Service */,
				35D2954B2C2F63C9007301FC /* Assets.xcassets */,
				35D2954D2C2F63C9007301FC /* Preview Content */,
			);
			path = Pokemon;
			sourceTree = "<group>";
		};
		35D2954D2C2F63C9007301FC /* Preview Content */ = {
			isa = PBXGroup;
			children = (
				35D2954E2C2F63C9007301FC /* Preview Assets.xcassets */,
			);
			path = "Preview Content";
			sourceTree = "<group>";
		};
		35D2955A2C2F65A3007301FC /* PokemonTests */ = {
			isa = PBXGroup;
			children = (
				F37C14982CA36B70007D9CC3 /* PokemonList */,
				F37C14972CA36B60007D9CC3 /* PokemonDetail */,
				357319632C31FA2600ED6B25 /* Mock */,
			);
			path = PokemonTests;
			sourceTree = "<group>";
		};
		35D2956E2C2F6CA0007301FC /* Frameworks */ = {
			isa = PBXGroup;
			children = (
			);
			name = Frameworks;
			sourceTree = "<group>";
		};
		35D295822C2F7981007301FC /* Network */ = {
			isa = PBXGroup;
			children = (
				F37C14862CA22B75007D9CC3 /* Mock */,
				F37C14762CA21716007D9CC3 /* APIManagerFactory.swift */,
				35D2957D2C2F7841007301FC /* APIManagerProtocol.swift */,
				35D295862C2F7CE5007301FC /* APIManager.swift */,
			);
			path = Network;
			sourceTree = "<group>";
		};
		35D295892C2F8D02007301FC /* Subviews */ = {
			isa = PBXGroup;
			children = (
				35FFB0742C30DA1200449536 /* PokemonImage.swift */,
			);
			path = Subviews;
			sourceTree = "<group>";
		};
		35FFB0672C30BEC400449536 /* View */ = {
			isa = PBXGroup;
			children = (
				35D295712C2F6F43007301FC /* PokemonListView.swift */,
				35FFB0692C30BF2000449536 /* SubViews */,
			);
			path = View;
			sourceTree = "<group>";
		};
		35FFB0682C30BED900449536 /* View */ = {
			isa = PBXGroup;
			children = (
				3561A39C2C305E7300441896 /* PokemonDetailsView.swift */,
				35FFB06D2C30C10D00449536 /* InfoDataView.swift */,
				35FFB06A2C30BF2F00449536 /* SubViews */,
			);
			path = View;
			sourceTree = "<group>";
		};
		35FFB0692C30BF2000449536 /* SubViews */ = {
			isa = PBXGroup;
			children = (
				35D2956B2C2F6BE0007301FC /* PokemonCellView.swift */,
			);
			path = SubViews;
			sourceTree = "<group>";
		};
		35FFB06A2C30BF2F00449536 /* SubViews */ = {
			isa = PBXGroup;
			children = (
				35FFB0772C30E15E00449536 /* AppearanceSection.swift */,
				354C4B602C34C1D500143D90 /* CriesSection.swift */,
				3561A3A22C3069A100441896 /* BasicSection.swift */,
				35FFB06F2C30C3FF00449536 /* StatSection.swift */,
				35FFB06B2C30BF9700449536 /* MoreInfoSection.swift */,
			);
			path = SubViews;
			sourceTree = "<group>";
		};
		F37C14862CA22B75007D9CC3 /* Mock */ = {
			isa = PBXGroup;
			children = (
				F37C14722CA216E3007D9CC3 /* MockAPIManager.swift */,
				F37C147E2CA21CF8007D9CC3 /* SampleJSONs.swift */,
				F37C147A2CA21779007D9CC3 /* SamplePokemonList.swift */,
			);
			path = Mock;
			sourceTree = "<group>";
		};
		F37C14872CA2C867007D9CC3 /* Features */ = {
			isa = PBXGroup;
			children = (
				F37C14882CA2C870007D9CC3 /* PokemonList */,
				F37C14892CA2C877007D9CC3 /* PokemonDetails */,
				35D295892C2F8D02007301FC /* Subviews */,
			);
			path = Features;
			sourceTree = "<group>";
		};
		F37C14882CA2C870007D9CC3 /* PokemonList */ = {
			isa = PBXGroup;
			children = (
				F37C148A2CA2C8C9007D9CC3 /* Model */,
				35FFB0672C30BEC400449536 /* View */,
				F37C148B2CA2C8F0007D9CC3 /* ViewModel */,
			);
			path = PokemonList;
			sourceTree = "<group>";
		};
		F37C14892CA2C877007D9CC3 /* PokemonDetails */ = {
			isa = PBXGroup;
			children = (
				F37C148C2CA2C903007D9CC3 /* Model */,
				35FFB0682C30BED900449536 /* View */,
				F37C148E2CA2C914007D9CC3 /* ViewModel */,
			);
			path = PokemonDetails;
			sourceTree = "<group>";
		};
		F37C148A2CA2C8C9007D9CC3 /* Model */ = {
			isa = PBXGroup;
			children = (
				35D295642C2F66D1007301FC /* Pokemon.swift */,
				35D295682C2F6968007301FC /* Pokemons.swift */,
			);
			path = Model;
			sourceTree = "<group>";
		};
		F37C148B2CA2C8F0007D9CC3 /* ViewModel */ = {
			isa = PBXGroup;
			children = (
				35D295752C2F6FF5007301FC /* PokemonListVM.swift */,
			);
			path = ViewModel;
			sourceTree = "<group>";
		};
		F37C148C2CA2C903007D9CC3 /* Model */ = {
			isa = PBXGroup;
			children = (
				3561A3972C305A3D00441896 /* PokemonDetails.swift */,
				3594A4132C3379B400FC02F2 /* InfoData.swift */,
			);
			path = Model;
			sourceTree = "<group>";
		};
		F37C148E2CA2C914007D9CC3 /* ViewModel */ = {
			isa = PBXGroup;
			children = (
				3561A39F2C30610D00441896 /* PokemonDetailsVM.swift */,
				35FFB07A2C30F90500449536 /* InfoVM.swift */,
			);
			path = ViewModel;
			sourceTree = "<group>";
		};
		F37C14972CA36B60007D9CC3 /* PokemonDetail */ = {
			isa = PBXGroup;
			children = (
				F37C14912CA35A3E007D9CC3 /* PokemonDetailsTests.swift */,
				3561A39A2C305B1D00441896 /* PokemonDetailsVMTests.swift */,
				3573195F2C31E7E700ED6B25 /* InfoVMTests.swift */,
			);
			path = PokemonDetail;
			sourceTree = "<group>";
		};
		F37C14982CA36B70007D9CC3 /* PokemonList */ = {
			isa = PBXGroup;
			children = (
				35D2955B2C2F65A3007301FC /* PokemonTests.swift */,
				35D2957A2C2F77A3007301FC /* PokemonListVMTests.swift */,
			);
			path = PokemonList;
			sourceTree = "<group>";
		};
/* End PBXGroup section */

/* Begin PBXNativeTarget section */
		35D295432C2F63C6007301FC /* Pokemon */ = {
			isa = PBXNativeTarget;
			buildConfigurationList = 35D295522C2F63C9007301FC /* Build configuration list for PBXNativeTarget "Pokemon" */;
			buildPhases = (
				35D295402C2F63C6007301FC /* Sources */,
				35D295412C2F63C6007301FC /* Frameworks */,
				35D295422C2F63C6007301FC /* Resources */,
			);
			buildRules = (
			);
			dependencies = (
			);
			name = Pokemon;
			packageProductDependencies = (
				35D2956F2C2F6CA0007301FC /* NukeUI */,
				35D295802C2F78EA007301FC /* Alamofire */,
				354C4B572C349F5100143D90 /* OggDecoder */,
			);
			productName = Pokemon;
			productReference = 35D295442C2F63C6007301FC /* Pokemon.app */;
			productType = "com.apple.product-type.application";
		};
		35D295582C2F65A3007301FC /* PokemonTests */ = {
			isa = PBXNativeTarget;
			buildConfigurationList = 35D2955F2C2F65A3007301FC /* Build configuration list for PBXNativeTarget "PokemonTests" */;
			buildPhases = (
				35D295552C2F65A3007301FC /* Sources */,
				35D295562C2F65A3007301FC /* Frameworks */,
				35D295572C2F65A3007301FC /* Resources */,
			);
			buildRules = (
			);
			dependencies = (
				35D2955E2C2F65A3007301FC /* PBXTargetDependency */,
			);
			name = PokemonTests;
			productName = PokemonTests;
			productReference = 35D295592C2F65A3007301FC /* PokemonTests.xctest */;
			productType = "com.apple.product-type.bundle.unit-test";
		};
		F37C143F2CA1B44D007D9CC3 /* PokemonUITests */ = {
			isa = PBXNativeTarget;
			buildConfigurationList = F37C144A2CA1B44D007D9CC3 /* Build configuration list for PBXNativeTarget "PokemonUITests" */;
			buildPhases = (
				F37C143C2CA1B44D007D9CC3 /* Sources */,
				F37C143D2CA1B44D007D9CC3 /* Frameworks */,
				F37C143E2CA1B44D007D9CC3 /* Resources */,
			);
			buildRules = (
			);
			dependencies = (
				F37C14472CA1B44D007D9CC3 /* PBXTargetDependency */,
			);
			fileSystemSynchronizedGroups = (
				F37C14412CA1B44D007D9CC3 /* PokemonUITests */,
			);
			name = PokemonUITests;
			packageProductDependencies = (
				F37C14612CA1DA66007D9CC3 /* NukeUI */,
				F37C14632CA1DA66007D9CC3 /* Alamofire */,
				F37C14652CA1DA66007D9CC3 /* OggDecoder */,
			);
			productName = PokemonUITests;
			productReference = F37C14402CA1B44D007D9CC3 /* PokemonUITests.xctest */;
			productType = "com.apple.product-type.bundle.ui-testing";
		};
/* End PBXNativeTarget section */

/* Begin PBXProject section */
		35D2953C2C2F63C6007301FC /* Project object */ = {
			isa = PBXProject;
			attributes = {
				BuildIndependentTargetsInParallel = 1;
				LastSwiftUpdateCheck = 1600;
				LastUpgradeCheck = 1540;
				TargetAttributes = {
					35D295432C2F63C6007301FC = {
						CreatedOnToolsVersion = 15.4;
					};
					35D295582C2F65A3007301FC = {
						CreatedOnToolsVersion = 15.4;
						TestTargetID = 35D295432C2F63C6007301FC;
					};
					F37C143F2CA1B44D007D9CC3 = {
						CreatedOnToolsVersion = 16.0;
						TestTargetID = 35D295432C2F63C6007301FC;
					};
				};
			};
			buildConfigurationList = 35D2953F2C2F63C6007301FC /* Build configuration list for PBXProject "Pokemon" */;
			compatibilityVersion = "Xcode 14.0";
			developmentRegion = en;
			hasScannedForEncodings = 0;
			knownRegions = (
				en,
				Base,
			);
			mainGroup = 35D2953B2C2F63C6007301FC;
			packageReferences = (
				35D2956D2C2F6C7F007301FC /* XCRemoteSwiftPackageReference "Nuke" */,
				35D2957F2C2F78DB007301FC /* XCRemoteSwiftPackageReference "Alamofire" */,
				354C4B562C349F0000143D90 /* XCRemoteSwiftPackageReference "OggDecoder" */,
			);
			productRefGroup = 35D295452C2F63C6007301FC /* Products */;
			projectDirPath = "";
			projectRoot = "";
			targets = (
				35D295432C2F63C6007301FC /* Pokemon */,
				35D295582C2F65A3007301FC /* PokemonTests */,
				F37C143F2CA1B44D007D9CC3 /* PokemonUITests */,
			);
		};
/* End PBXProject section */

/* Begin PBXResourcesBuildPhase section */
		35D295422C2F63C6007301FC /* Resources */ = {
			isa = PBXResourcesBuildPhase;
			buildActionMask = 2147483647;
			files = (
				35D2954F2C2F63C9007301FC /* Preview Assets.xcassets in Resources */,
				35D2954C2C2F63C9007301FC /* Assets.xcassets in Resources */,
			);
			runOnlyForDeploymentPostprocessing = 0;
		};
		35D295572C2F65A3007301FC /* Resources */ = {
			isa = PBXResourcesBuildPhase;
			buildActionMask = 2147483647;
			files = (
			);
			runOnlyForDeploymentPostprocessing = 0;
		};
		F37C143E2CA1B44D007D9CC3 /* Resources */ = {
			isa = PBXResourcesBuildPhase;
			buildActionMask = 2147483647;
			files = (
			);
			runOnlyForDeploymentPostprocessing = 0;
		};
/* End PBXResourcesBuildPhase section */

/* Begin PBXSourcesBuildPhase section */
		35D295402C2F63C6007301FC /* Sources */ = {
			isa = PBXSourcesBuildPhase;
			buildActionMask = 2147483647;
			files = (
				35FFB06C2C30BF9700449536 /* MoreInfoSection.swift in Sources */,
				F37C147B2CA21780007D9CC3 /* SamplePokemonList.swift in Sources */,
				35D295872C2F7CE5007301FC /* APIManager.swift in Sources */,
				354C4B5B2C34AF4A00143D90 /* OGGToWavConverter.swift in Sources */,
				350799882C4715FA003C7A21 /* Alertify.swift in Sources */,
				F37C14732CA216ED007D9CC3 /* MockAPIManager.swift in Sources */,
				3561A3A02C30610D00441896 /* PokemonDetailsVM.swift in Sources */,
				35D295692C2F6968007301FC /* Pokemons.swift in Sources */,
				35FFB07B2C30F90500449536 /* InfoVM.swift in Sources */,
				354C4B5E2C34B0FE00143D90 /* AudioPlayer.swift in Sources */,
				35D295482C2F63C6007301FC /* PokemonApp.swift in Sources */,
				3542BF452C347013003597DE /* AlertHandler.swift in Sources */,
				35FFB0782C30E15E00449536 /* AppearanceSection.swift in Sources */,
				35D295762C2F6FF5007301FC /* PokemonListVM.swift in Sources */,
				F37C14792CA2171B007D9CC3 /* APIManagerFactory.swift in Sources */,
				35FFB06E2C30C10D00449536 /* InfoDataView.swift in Sources */,
				3561A3A32C3069A100441896 /* BasicSection.swift in Sources */,
				35FFB0752C30DA1200449536 /* PokemonImage.swift in Sources */,
				F37C14812CA21D05007D9CC3 /* SampleJSONs.swift in Sources */,
				F37C14852CA22A9E007D9CC3 /* AppLaunchMode.swift in Sources */,
				35D2956C2C2F6BE0007301FC /* PokemonCellView.swift in Sources */,
				35C0BD062C31A6E9005ED91F /* AlertType.swift in Sources */,
				354C4B612C34C1D500143D90 /* CriesSection.swift in Sources */,
				35D295722C2F6F43007301FC /* PokemonListView.swift in Sources */,
				35D295652C2F66D1007301FC /* Pokemon.swift in Sources */,
				3561A39D2C305E7300441896 /* PokemonDetailsView.swift in Sources */,
				35D2957E2C2F7841007301FC /* APIManagerProtocol.swift in Sources */,
				3561A3982C305A3D00441896 /* PokemonDetails.swift in Sources */,
				35FFB0702C30C3FF00449536 /* StatSection.swift in Sources */,
				3594A4142C3379B400FC02F2 /* InfoData.swift in Sources */,
			);
			runOnlyForDeploymentPostprocessing = 0;
		};
		35D295552C2F65A3007301FC /* Sources */ = {
			isa = PBXSourcesBuildPhase;
			buildActionMask = 2147483647;
			files = (
				357319602C31E7E700ED6B25 /* InfoVMTests.swift in Sources */,
				F37C14772CA2171B007D9CC3 /* APIManagerFactory.swift in Sources */,
				35D295792C2F778D007301FC /* PokemonListView.swift in Sources */,
				35D295852C2F79E4007301FC /* APIManagerProtocol.swift in Sources */,
				F37C14922CA35A3E007D9CC3 /* PokemonDetailsTests.swift in Sources */,
				35FFB0722C30CEEC00449536 /* MoreInfoSection.swift in Sources */,
				3561A39B2C305B1D00441896 /* PokemonDetailsVMTests.swift in Sources */,
				354C4B622C34C1D500143D90 /* CriesSection.swift in Sources */,
				357319622C31FA1C00ED6B25 /* MockErrorAPIManager.swift in Sources */,
				35D295882C2F7E04007301FC /* APIManager.swift in Sources */,
				F37C147C2CA21780007D9CC3 /* SamplePokemonList.swift in Sources */,
				F37C14752CA216ED007D9CC3 /* MockAPIManager.swift in Sources */,
				3561A39E2C305E7300441896 /* PokemonDetailsView.swift in Sources */,
				35FFB0762C30DCC500449536 /* PokemonImage.swift in Sources */,
				F37C14802CA21D05007D9CC3 /* SampleJSONs.swift in Sources */,
				3561A3992C305A3D00441896 /* PokemonDetails.swift in Sources */,
				35D2955C2C2F65A3007301FC /* PokemonTests.swift in Sources */,
				3542BF462C347013003597DE /* AlertHandler.swift in Sources */,
				350799892C4715FA003C7A21 /* Alertify.swift in Sources */,
				35D2956A2C2F6968007301FC /* Pokemons.swift in Sources */,
				3573195E2C31E71900ED6B25 /* AlertType.swift in Sources */,
				35D295782C2F7787007301FC /* PokemonListVM.swift in Sources */,
				F37C14832CA22A9E007D9CC3 /* AppLaunchMode.swift in Sources */,
				35D2957B2C2F77A3007301FC /* PokemonListVMTests.swift in Sources */,
				3561A3A42C3069A100441896 /* BasicSection.swift in Sources */,
				35D2957C2C2F77CB007301FC /* PokemonCellView.swift in Sources */,
				35FFB0712C30CEE800449536 /* StatSection.swift in Sources */,
				354C4B5C2C34AF4A00143D90 /* OGGToWavConverter.swift in Sources */,
				35D295662C2F66D1007301FC /* Pokemon.swift in Sources */,
				35FFB0732C30CEF700449536 /* InfoDataView.swift in Sources */,
				3561A3A12C30610D00441896 /* PokemonDetailsVM.swift in Sources */,
				35FFB07C2C30F90500449536 /* InfoVM.swift in Sources */,
				35FFB0792C30E15E00449536 /* AppearanceSection.swift in Sources */,
				3594A4152C3379B400FC02F2 /* InfoData.swift in Sources */,
				354C4B5F2C34B0FE00143D90 /* AudioPlayer.swift in Sources */,
			);
			runOnlyForDeploymentPostprocessing = 0;
		};
		F37C143C2CA1B44D007D9CC3 /* Sources */ = {
			isa = PBXSourcesBuildPhase;
			buildActionMask = 2147483647;
			files = (
				F37C14582CA1D8F6007D9CC3 /* Pokemon.swift in Sources */,
				F37C145A2CA1D955007D9CC3 /* APIManagerProtocol.swift in Sources */,
				F37C14742CA216ED007D9CC3 /* MockAPIManager.swift in Sources */,
				F37C145B2CA1D95B007D9CC3 /* APIManager.swift in Sources */,
				F37C14692CA1DADE007D9CC3 /* InfoData.swift in Sources */,
				F37C146A2CA1DAF2007D9CC3 /* PokemonDetailsView.swift in Sources */,
				F37C145E2CA1D96E007D9CC3 /* Alertify.swift in Sources */,
				F37C147F2CA21D05007D9CC3 /* SampleJSONs.swift in Sources */,
				F37C145F2CA1D96E007D9CC3 /* AlertType.swift in Sources */,
				F37C14682CA1DAD9007D9CC3 /* Pokemons.swift in Sources */,
				F37C14602CA1D96E007D9CC3 /* AlertHandler.swift in Sources */,
				F37C14842CA22A9E007D9CC3 /* AppLaunchMode.swift in Sources */,
				F37C14592CA1D901007D9CC3 /* PokemonImage.swift in Sources */,
				F37C146D2CA1DB46007D9CC3 /* MoreInfoSection.swift in Sources */,
				F37C146E2CA1DB46007D9CC3 /* StatSection.swift in Sources */,
				F37C146F2CA1DB46007D9CC3 /* AppearanceSection.swift in Sources */,
				F37C14702CA1DB46007D9CC3 /* CriesSection.swift in Sources */,
				F37C14782CA2171B007D9CC3 /* APIManagerFactory.swift in Sources */,
				F37C14712CA1DB46007D9CC3 /* BasicSection.swift in Sources */,
				F37C146B2CA1DAF7007D9CC3 /* InfoDataView.swift in Sources */,
				F37C14552CA1D8CB007D9CC3 /* PokemonCellView.swift in Sources */,
				F37C14542CA1D764007D9CC3 /* PokemonListView.swift in Sources */,
				F37C14572CA1D8DA007D9CC3 /* PokemonDetailsVM.swift in Sources */,
				F37C145C2CA1D961007D9CC3 /* OGGToWavConverter.swift in Sources */,
				F37C147D2CA21780007D9CC3 /* SamplePokemonList.swift in Sources */,
				F37C14562CA1D8D1007D9CC3 /* PokemonListVM.swift in Sources */,
				F37C14672CA1DAD4007D9CC3 /* PokemonDetails.swift in Sources */,
				F37C146C2CA1DB2F007D9CC3 /* InfoVM.swift in Sources */,
				F37C145D2CA1D965007D9CC3 /* AudioPlayer.swift in Sources */,
			);
			runOnlyForDeploymentPostprocessing = 0;
		};
/* End PBXSourcesBuildPhase section */

/* Begin PBXTargetDependency section */
		35D2955E2C2F65A3007301FC /* PBXTargetDependency */ = {
			isa = PBXTargetDependency;
			target = 35D295432C2F63C6007301FC /* Pokemon */;
			targetProxy = 35D2955D2C2F65A3007301FC /* PBXContainerItemProxy */;
		};
		F37C14472CA1B44D007D9CC3 /* PBXTargetDependency */ = {
			isa = PBXTargetDependency;
			target = 35D295432C2F63C6007301FC /* Pokemon */;
			targetProxy = F37C14462CA1B44D007D9CC3 /* PBXContainerItemProxy */;
		};
/* End PBXTargetDependency section */

/* Begin XCBuildConfiguration section */
		35D295502C2F63C9007301FC /* Debug */ = {
			isa = XCBuildConfiguration;
			buildSettings = {
				ALWAYS_SEARCH_USER_PATHS = NO;
				ASSETCATALOG_COMPILER_GENERATE_SWIFT_ASSET_SYMBOL_EXTENSIONS = YES;
				CLANG_ANALYZER_NONNULL = YES;
				CLANG_ANALYZER_NUMBER_OBJECT_CONVERSION = YES_AGGRESSIVE;
				CLANG_CXX_LANGUAGE_STANDARD = "gnu++20";
				CLANG_ENABLE_MODULES = YES;
				CLANG_ENABLE_OBJC_ARC = YES;
				CLANG_ENABLE_OBJC_WEAK = YES;
				CLANG_WARN_BLOCK_CAPTURE_AUTORELEASING = YES;
				CLANG_WARN_BOOL_CONVERSION = YES;
				CLANG_WARN_COMMA = YES;
				CLANG_WARN_CONSTANT_CONVERSION = YES;
				CLANG_WARN_DEPRECATED_OBJC_IMPLEMENTATIONS = YES;
				CLANG_WARN_DIRECT_OBJC_ISA_USAGE = YES_ERROR;
				CLANG_WARN_DOCUMENTATION_COMMENTS = YES;
				CLANG_WARN_EMPTY_BODY = YES;
				CLANG_WARN_ENUM_CONVERSION = YES;
				CLANG_WARN_INFINITE_RECURSION = YES;
				CLANG_WARN_INT_CONVERSION = YES;
				CLANG_WARN_NON_LITERAL_NULL_CONVERSION = YES;
				CLANG_WARN_OBJC_IMPLICIT_RETAIN_SELF = YES;
				CLANG_WARN_OBJC_LITERAL_CONVERSION = YES;
				CLANG_WARN_OBJC_ROOT_CLASS = YES_ERROR;
				CLANG_WARN_QUOTED_INCLUDE_IN_FRAMEWORK_HEADER = YES;
				CLANG_WARN_RANGE_LOOP_ANALYSIS = YES;
				CLANG_WARN_STRICT_PROTOTYPES = YES;
				CLANG_WARN_SUSPICIOUS_MOVE = YES;
				CLANG_WARN_UNGUARDED_AVAILABILITY = YES_AGGRESSIVE;
				CLANG_WARN_UNREACHABLE_CODE = YES;
				CLANG_WARN__DUPLICATE_METHOD_MATCH = YES;
				COPY_PHASE_STRIP = NO;
				DEBUG_INFORMATION_FORMAT = dwarf;
				ENABLE_STRICT_OBJC_MSGSEND = YES;
				ENABLE_TESTABILITY = YES;
				ENABLE_USER_SCRIPT_SANDBOXING = YES;
				GCC_C_LANGUAGE_STANDARD = gnu17;
				GCC_DYNAMIC_NO_PIC = NO;
				GCC_NO_COMMON_BLOCKS = YES;
				GCC_OPTIMIZATION_LEVEL = 0;
				GCC_PREPROCESSOR_DEFINITIONS = (
					"DEBUG=1",
					"$(inherited)",
				);
				GCC_WARN_64_TO_32_BIT_CONVERSION = YES;
				GCC_WARN_ABOUT_RETURN_TYPE = YES_ERROR;
				GCC_WARN_UNDECLARED_SELECTOR = YES;
				GCC_WARN_UNINITIALIZED_AUTOS = YES_AGGRESSIVE;
				GCC_WARN_UNUSED_FUNCTION = YES;
				GCC_WARN_UNUSED_VARIABLE = YES;
				IPHONEOS_DEPLOYMENT_TARGET = 17.5;
				LOCALIZATION_PREFERS_STRING_CATALOGS = YES;
				MTL_ENABLE_DEBUG_INFO = INCLUDE_SOURCE;
				MTL_FAST_MATH = YES;
				ONLY_ACTIVE_ARCH = YES;
				SDKROOT = iphoneos;
				SWIFT_ACTIVE_COMPILATION_CONDITIONS = "DEBUG $(inherited)";
				SWIFT_OPTIMIZATION_LEVEL = "-Onone";
				SWIFT_VERSION = "";
			};
			name = Debug;
		};
		35D295512C2F63C9007301FC /* Release */ = {
			isa = XCBuildConfiguration;
			buildSettings = {
				ALWAYS_SEARCH_USER_PATHS = NO;
				ASSETCATALOG_COMPILER_GENERATE_SWIFT_ASSET_SYMBOL_EXTENSIONS = YES;
				CLANG_ANALYZER_NONNULL = YES;
				CLANG_ANALYZER_NUMBER_OBJECT_CONVERSION = YES_AGGRESSIVE;
				CLANG_CXX_LANGUAGE_STANDARD = "gnu++20";
				CLANG_ENABLE_MODULES = YES;
				CLANG_ENABLE_OBJC_ARC = YES;
				CLANG_ENABLE_OBJC_WEAK = YES;
				CLANG_WARN_BLOCK_CAPTURE_AUTORELEASING = YES;
				CLANG_WARN_BOOL_CONVERSION = YES;
				CLANG_WARN_COMMA = YES;
				CLANG_WARN_CONSTANT_CONVERSION = YES;
				CLANG_WARN_DEPRECATED_OBJC_IMPLEMENTATIONS = YES;
				CLANG_WARN_DIRECT_OBJC_ISA_USAGE = YES_ERROR;
				CLANG_WARN_DOCUMENTATION_COMMENTS = YES;
				CLANG_WARN_EMPTY_BODY = YES;
				CLANG_WARN_ENUM_CONVERSION = YES;
				CLANG_WARN_INFINITE_RECURSION = YES;
				CLANG_WARN_INT_CONVERSION = YES;
				CLANG_WARN_NON_LITERAL_NULL_CONVERSION = YES;
				CLANG_WARN_OBJC_IMPLICIT_RETAIN_SELF = YES;
				CLANG_WARN_OBJC_LITERAL_CONVERSION = YES;
				CLANG_WARN_OBJC_ROOT_CLASS = YES_ERROR;
				CLANG_WARN_QUOTED_INCLUDE_IN_FRAMEWORK_HEADER = YES;
				CLANG_WARN_RANGE_LOOP_ANALYSIS = YES;
				CLANG_WARN_STRICT_PROTOTYPES = YES;
				CLANG_WARN_SUSPICIOUS_MOVE = YES;
				CLANG_WARN_UNGUARDED_AVAILABILITY = YES_AGGRESSIVE;
				CLANG_WARN_UNREACHABLE_CODE = YES;
				CLANG_WARN__DUPLICATE_METHOD_MATCH = YES;
				COPY_PHASE_STRIP = NO;
				DEBUG_INFORMATION_FORMAT = "dwarf-with-dsym";
				ENABLE_NS_ASSERTIONS = NO;
				ENABLE_STRICT_OBJC_MSGSEND = YES;
				ENABLE_USER_SCRIPT_SANDBOXING = YES;
				GCC_C_LANGUAGE_STANDARD = gnu17;
				GCC_NO_COMMON_BLOCKS = YES;
				GCC_WARN_64_TO_32_BIT_CONVERSION = YES;
				GCC_WARN_ABOUT_RETURN_TYPE = YES_ERROR;
				GCC_WARN_UNDECLARED_SELECTOR = YES;
				GCC_WARN_UNINITIALIZED_AUTOS = YES_AGGRESSIVE;
				GCC_WARN_UNUSED_FUNCTION = YES;
				GCC_WARN_UNUSED_VARIABLE = YES;
				IPHONEOS_DEPLOYMENT_TARGET = 17.5;
				LOCALIZATION_PREFERS_STRING_CATALOGS = YES;
				MTL_ENABLE_DEBUG_INFO = NO;
				MTL_FAST_MATH = YES;
				SDKROOT = iphoneos;
				SWIFT_COMPILATION_MODE = wholemodule;
				SWIFT_VERSION = "";
				VALIDATE_PRODUCT = YES;
			};
			name = Release;
		};
		35D295532C2F63C9007301FC /* Debug */ = {
			isa = XCBuildConfiguration;
			buildSettings = {
				ASSETCATALOG_COMPILER_APPICON_NAME = AppIcon;
				ASSETCATALOG_COMPILER_GLOBAL_ACCENT_COLOR_NAME = AccentColor;
				CODE_SIGN_STYLE = Automatic;
				CURRENT_PROJECT_VERSION = 1;
				DEVELOPMENT_ASSET_PATHS = "\"Pokemon/Preview Content\"";
				DEVELOPMENT_TEAM = LWL2438A39;
				ENABLE_PREVIEWS = YES;
				GENERATE_INFOPLIST_FILE = YES;
				INFOPLIST_KEY_UIApplicationSceneManifest_Generation = YES;
				INFOPLIST_KEY_UIApplicationSupportsIndirectInputEvents = YES;
				INFOPLIST_KEY_UILaunchScreen_Generation = YES;
				INFOPLIST_KEY_UISupportedInterfaceOrientations_iPad = "UIInterfaceOrientationPortrait UIInterfaceOrientationPortraitUpsideDown UIInterfaceOrientationLandscapeLeft UIInterfaceOrientationLandscapeRight";
				INFOPLIST_KEY_UISupportedInterfaceOrientations_iPhone = "UIInterfaceOrientationPortrait UIInterfaceOrientationLandscapeLeft UIInterfaceOrientationLandscapeRight";
				IPHONEOS_DEPLOYMENT_TARGET = 17.0;
				LD_RUNPATH_SEARCH_PATHS = (
					"$(inherited)",
					"@executable_path/Frameworks",
				);
				MARKETING_VERSION = 1.0;
				PRODUCT_BUNDLE_IDENTIFIER = monzur.rifat.Pokemon;
				PRODUCT_NAME = "$(TARGET_NAME)";
				SUPPORTED_PLATFORMS = "iphoneos iphonesimulator";
				SUPPORTS_MACCATALYST = NO;
				SWIFT_EMIT_LOC_STRINGS = YES;
				SWIFT_VERSION = 5.0;
				TARGETED_DEVICE_FAMILY = 1;
			};
			name = Debug;
		};
		35D295542C2F63C9007301FC /* Release */ = {
			isa = XCBuildConfiguration;
			buildSettings = {
				ASSETCATALOG_COMPILER_APPICON_NAME = AppIcon;
				ASSETCATALOG_COMPILER_GLOBAL_ACCENT_COLOR_NAME = AccentColor;
				CODE_SIGN_STYLE = Automatic;
				CURRENT_PROJECT_VERSION = 1;
				DEVELOPMENT_ASSET_PATHS = "\"Pokemon/Preview Content\"";
				DEVELOPMENT_TEAM = LWL2438A39;
				ENABLE_PREVIEWS = YES;
				GENERATE_INFOPLIST_FILE = YES;
				INFOPLIST_KEY_UIApplicationSceneManifest_Generation = YES;
				INFOPLIST_KEY_UIApplicationSupportsIndirectInputEvents = YES;
				INFOPLIST_KEY_UILaunchScreen_Generation = YES;
				INFOPLIST_KEY_UISupportedInterfaceOrientations_iPad = "UIInterfaceOrientationPortrait UIInterfaceOrientationPortraitUpsideDown UIInterfaceOrientationLandscapeLeft UIInterfaceOrientationLandscapeRight";
				INFOPLIST_KEY_UISupportedInterfaceOrientations_iPhone = "UIInterfaceOrientationPortrait UIInterfaceOrientationLandscapeLeft UIInterfaceOrientationLandscapeRight";
				IPHONEOS_DEPLOYMENT_TARGET = 17.0;
				LD_RUNPATH_SEARCH_PATHS = (
					"$(inherited)",
					"@executable_path/Frameworks",
				);
				MARKETING_VERSION = 1.0;
				PRODUCT_BUNDLE_IDENTIFIER = monzur.rifat.Pokemon;
				PRODUCT_NAME = "$(TARGET_NAME)";
				SUPPORTED_PLATFORMS = "iphoneos iphonesimulator";
				SUPPORTS_MACCATALYST = NO;
				SWIFT_EMIT_LOC_STRINGS = YES;
				SWIFT_VERSION = 5.0;
				TARGETED_DEVICE_FAMILY = 1;
			};
			name = Release;
		};
		35D295602C2F65A3007301FC /* Debug */ = {
			isa = XCBuildConfiguration;
			buildSettings = {
				BUNDLE_LOADER = "$(TEST_HOST)";
				CODE_SIGN_STYLE = Automatic;
				CURRENT_PROJECT_VERSION = 1;
				DEVELOPMENT_TEAM = LWL2438A39;
				GENERATE_INFOPLIST_FILE = YES;
				MARKETING_VERSION = 1.0;
				PRODUCT_BUNDLE_IDENTIFIER = monzur.rifat.PokemonTests;
				PRODUCT_NAME = "$(TARGET_NAME)";
				SWIFT_EMIT_LOC_STRINGS = NO;
				SWIFT_VERSION = 5.0;
				TARGETED_DEVICE_FAMILY = "1,2";
				TEST_HOST = "$(BUILT_PRODUCTS_DIR)/Pokemon.app/$(BUNDLE_EXECUTABLE_FOLDER_PATH)/Pokemon";
			};
			name = Debug;
		};
		35D295612C2F65A3007301FC /* Release */ = {
			isa = XCBuildConfiguration;
			buildSettings = {
				BUNDLE_LOADER = "$(TEST_HOST)";
				CODE_SIGN_STYLE = Automatic;
				CURRENT_PROJECT_VERSION = 1;
				DEVELOPMENT_TEAM = LWL2438A39;
				GENERATE_INFOPLIST_FILE = YES;
				MARKETING_VERSION = 1.0;
				PRODUCT_BUNDLE_IDENTIFIER = monzur.rifat.PokemonTests;
				PRODUCT_NAME = "$(TARGET_NAME)";
				SWIFT_EMIT_LOC_STRINGS = NO;
				SWIFT_VERSION = 5.0;
				TARGETED_DEVICE_FAMILY = "1,2";
				TEST_HOST = "$(BUILT_PRODUCTS_DIR)/Pokemon.app/$(BUNDLE_EXECUTABLE_FOLDER_PATH)/Pokemon";
			};
			name = Release;
		};
		F37C14482CA1B44D007D9CC3 /* Debug */ = {
			isa = XCBuildConfiguration;
			buildSettings = {
				CODE_SIGN_STYLE = Automatic;
				CURRENT_PROJECT_VERSION = 1;
				DEVELOPMENT_TEAM = LWL2438A39;
				GENERATE_INFOPLIST_FILE = YES;
				IPHONEOS_DEPLOYMENT_TARGET = 18.0;
				MARKETING_VERSION = 1.0;
				PRODUCT_BUNDLE_IDENTIFIER = monzur.rifat.PokemonUITests;
				PRODUCT_NAME = "$(TARGET_NAME)";
				SWIFT_EMIT_LOC_STRINGS = NO;
				SWIFT_VERSION = 5.0;
				TARGETED_DEVICE_FAMILY = "1,2";
				TEST_TARGET_NAME = Pokemon;
			};
			name = Debug;
		};
		F37C14492CA1B44D007D9CC3 /* Release */ = {
			isa = XCBuildConfiguration;
			buildSettings = {
				CODE_SIGN_STYLE = Automatic;
				CURRENT_PROJECT_VERSION = 1;
				DEVELOPMENT_TEAM = LWL2438A39;
				GENERATE_INFOPLIST_FILE = YES;
				IPHONEOS_DEPLOYMENT_TARGET = 18.0;
				MARKETING_VERSION = 1.0;
				PRODUCT_BUNDLE_IDENTIFIER = monzur.rifat.PokemonUITests;
				PRODUCT_NAME = "$(TARGET_NAME)";
				SWIFT_EMIT_LOC_STRINGS = NO;
				SWIFT_VERSION = 5.0;
				TARGETED_DEVICE_FAMILY = "1,2";
				TEST_TARGET_NAME = Pokemon;
			};
			name = Release;
		};
/* End XCBuildConfiguration section */

/* Begin XCConfigurationList section */
		35D2953F2C2F63C6007301FC /* Build configuration list for PBXProject "Pokemon" */ = {
			isa = XCConfigurationList;
			buildConfigurations = (
				35D295502C2F63C9007301FC /* Debug */,
				35D295512C2F63C9007301FC /* Release */,
			);
			defaultConfigurationIsVisible = 0;
			defaultConfigurationName = Release;
		};
		35D295522C2F63C9007301FC /* Build configuration list for PBXNativeTarget "Pokemon" */ = {
			isa = XCConfigurationList;
			buildConfigurations = (
				35D295532C2F63C9007301FC /* Debug */,
				35D295542C2F63C9007301FC /* Release */,
			);
			defaultConfigurationIsVisible = 0;
			defaultConfigurationName = Release;
		};
		35D2955F2C2F65A3007301FC /* Build configuration list for PBXNativeTarget "PokemonTests" */ = {
			isa = XCConfigurationList;
			buildConfigurations = (
				35D295602C2F65A3007301FC /* Debug */,
				35D295612C2F65A3007301FC /* Release */,
			);
			defaultConfigurationIsVisible = 0;
			defaultConfigurationName = Release;
		};
		F37C144A2CA1B44D007D9CC3 /* Build configuration list for PBXNativeTarget "PokemonUITests" */ = {
			isa = XCConfigurationList;
			buildConfigurations = (
				F37C14482CA1B44D007D9CC3 /* Debug */,
				F37C14492CA1B44D007D9CC3 /* Release */,
			);
			defaultConfigurationIsVisible = 0;
			defaultConfigurationName = Release;
		};
/* End XCConfigurationList section */

/* Begin XCRemoteSwiftPackageReference section */
		354C4B562C349F0000143D90 /* XCRemoteSwiftPackageReference "OggDecoder" */ = {
			isa = XCRemoteSwiftPackageReference;
			repositoryURL = "https://github.com/arkasas/OggDecoder";
			requirement = {
				branch = main;
				kind = branch;
			};
		};
		35D2956D2C2F6C7F007301FC /* XCRemoteSwiftPackageReference "Nuke" */ = {
			isa = XCRemoteSwiftPackageReference;
			repositoryURL = "https://github.com/kean/Nuke";
			requirement = {
				kind = upToNextMajorVersion;
				minimumVersion = 12.7.3;
			};
		};
		35D2957F2C2F78DB007301FC /* XCRemoteSwiftPackageReference "Alamofire" */ = {
			isa = XCRemoteSwiftPackageReference;
			repositoryURL = "https://github.com/Alamofire/Alamofire.git";
			requirement = {
				kind = upToNextMajorVersion;
				minimumVersion = 5.9.1;
			};
		};
/* End XCRemoteSwiftPackageReference section */

/* Begin XCSwiftPackageProductDependency section */
		354C4B572C349F5100143D90 /* OggDecoder */ = {
			isa = XCSwiftPackageProductDependency;
			package = 354C4B562C349F0000143D90 /* XCRemoteSwiftPackageReference "OggDecoder" */;
			productName = OggDecoder;
		};
		35D2956F2C2F6CA0007301FC /* NukeUI */ = {
			isa = XCSwiftPackageProductDependency;
			package = 35D2956D2C2F6C7F007301FC /* XCRemoteSwiftPackageReference "Nuke" */;
			productName = NukeUI;
		};
		35D295802C2F78EA007301FC /* Alamofire */ = {
			isa = XCSwiftPackageProductDependency;
			package = 35D2957F2C2F78DB007301FC /* XCRemoteSwiftPackageReference "Alamofire" */;
			productName = Alamofire;
		};
		F37C14612CA1DA66007D9CC3 /* NukeUI */ = {
			isa = XCSwiftPackageProductDependency;
			package = 35D2956D2C2F6C7F007301FC /* XCRemoteSwiftPackageReference "Nuke" */;
			productName = NukeUI;
		};
		F37C14632CA1DA66007D9CC3 /* Alamofire */ = {
			isa = XCSwiftPackageProductDependency;
			package = 35D2957F2C2F78DB007301FC /* XCRemoteSwiftPackageReference "Alamofire" */;
			productName = Alamofire;
		};
		F37C14652CA1DA66007D9CC3 /* OggDecoder */ = {
			isa = XCSwiftPackageProductDependency;
			package = 354C4B562C349F0000143D90 /* XCRemoteSwiftPackageReference "OggDecoder" */;
			productName = OggDecoder;
		};
/* End XCSwiftPackageProductDependency section */
	};
	rootObject = 35D2953C2C2F63C6007301FC /* Project object */;
}
